
Microsoft Visual Studio Solution File, Format Version 12.00
# Visual Studio 15
VisualStudioVersion = 15.0.27004.2010
MinimumVisualStudioVersion = 10.0.40219.1
Project("{8BC9CEB8-8B4A-11D0-8D11-00A0C91BC942}") = "unicode", "unicode.vcxproj", "{C1DA5CB3-FAD6-4D01-9EDA-D3385FDE0BC7}"
EndProject
Project("{8BC9CEB8-8B4A-11D0-8D11-00A0C91BC942}") = "test", "test\test.vcxproj", "{9832748A-E142-4467-A736-39573D4EE785}"
EndProject
Global
	GlobalSection(SolutionConfigurationPlatforms) = preSolution
		Debug|x64 = Debug|x64
		Debug|x86 = Debug|x86
		Release|x64 = Release|x64
		Release|x86 = Release|x86
	EndGlobalSection
	GlobalSection(ProjectConfigurationPlatforms) = postSolution
		{C1DA5CB3-FAD6-4D01-9EDA-D3385FDE0BC7}.Debug|x64.ActiveCfg = Debug|x64
		{C1DA5CB3-FAD6-4D01-9EDA-D3385FDE0BC7}.Debug|x64.Build.0 = Debug|x64
		{C1DA5CB3-FAD6-4D01-9EDA-D3385FDE0BC7}.Debug|x86.ActiveCfg = Debug|Win32
		{C1DA5CB3-FAD6-4D01-9EDA-D3385FDE0BC7}.Debug|x86.Build.0 = Debug|Win32
		{C1DA5CB3-FAD6-4D01-9EDA-D3385FDE0BC7}.Release|x64.ActiveCfg = Release|x64
		{C1DA5CB3-FAD6-4D01-9EDA-D3385FDE0BC7}.Release|x64.Build.0 = Release|x64
		{C1DA5CB3-FAD6-4D01-9EDA-D3385FDE0BC7}.Release|x86.ActiveCfg = Release|Win32
		{C1DA5CB3-FAD6-4D01-9EDA-D3385FDE0BC7}.Release|x86.Build.0 = Release|Win32
		{9832748A-E142-4467-A736-39573D4EE785}.Debug|x64.ActiveCfg = Debug|x64
		{9832748A-E142-4467-A736-39573D4EE785}.Debug|x64.Build.0 = Debug|x64
		{9832748A-E142-4467-A736-39573D4EE785}.Debug|x86.ActiveCfg = Debug|Win32
		{9832748A-E142-4467-A736-39573D4EE785}.Debug|x86.Build.0 = Debug|Win32
		{9832748A-E142-4467-A736-39573D4EE785}.Release|x64.ActiveCfg = Release|x64
		{9832748A-E142-4467-A736-39573D4EE785}.Release|x64.Build.0 = Release|x64
		{9832748A-E142-4467-A736-39573D4EE785}.Release|x86.ActiveCfg = Release|Win32
		{9832748A-E142-4467-A736-39573D4EE785}.Release|x86.Build.0 = Release|Win32
	EndGlobalSection
	GlobalSection(SolutionProperties) = preSolution
		HideSolutionNode = FALSE
	EndGlobalSection
	GlobalSection(ExtensibilityGlobals) = postSolution
		SolutionGuid = {138F95CF-BCD6-47BF-9DDD-A7359E4A6A2A}
	EndGlobalSection
EndGlobal
